// !$*UTF8*$!
{
	archiveVersion = 1;
	classes = {
	};
	objectVersion = 46;
	objects = {

/* Begin PBXBuildFile section */
		10062C831F127572009AE974 /* RCTARKitManager.m in Sources */ = {isa = PBXBuildFile; fileRef = 10062C821F127572009AE974 /* RCTARKitManager.m */; };
		1021FE1C1F3EDB98000E7339 /* ARModelManager.m in Sources */ = {isa = PBXBuildFile; fileRef = 1021FE181F3EDB90000E7339 /* ARModelManager.m */; };
		1021FE1D1F3EDB9B000E7339 /* ARTextManager.m in Sources */ = {isa = PBXBuildFile; fileRef = 1021FE191F3EDB90000E7339 /* ARTextManager.m */; };
		106999E51F3EC30100032829 /* ARBoxManager.m in Sources */ = {isa = PBXBuildFile; fileRef = 106999E41F3EC2FB00032829 /* ARBoxManager.m */; };
		106DA3161F443CF300B93D36 /* ARPyramidManager.m in Sources */ = {isa = PBXBuildFile; fileRef = 106DA3151F443CF300B93D36 /* ARPyramidManager.m */; };
		106DA3191F443D1D00B93D36 /* ARSphereManager.m in Sources */ = {isa = PBXBuildFile; fileRef = 106DA3181F443D1D00B93D36 /* ARSphereManager.m */; };
		106DA31C1F443D2A00B93D36 /* ARCylinderManager.m in Sources */ = {isa = PBXBuildFile; fileRef = 106DA31B1F443D2A00B93D36 /* ARCylinderManager.m */; };
		106DA31F1F443D3900B93D36 /* ARConeManager.m in Sources */ = {isa = PBXBuildFile; fileRef = 106DA31E1F443D3900B93D36 /* ARConeManager.m */; };
		106DA3221F443D8300B93D36 /* ARTubeManager.m in Sources */ = {isa = PBXBuildFile; fileRef = 106DA3211F443D8300B93D36 /* ARTubeManager.m */; };
		106DA3251F443D9000B93D36 /* ARTorusManager.m in Sources */ = {isa = PBXBuildFile; fileRef = 106DA3241F443D9000B93D36 /* ARTorusManager.m */; };
		106DA3281F443DA200B93D36 /* ARCapsuleManager.m in Sources */ = {isa = PBXBuildFile; fileRef = 106DA3271F443DA200B93D36 /* ARCapsuleManager.m */; };
		106DA32B1F443DB500B93D36 /* ARPlaneManager.m in Sources */ = {isa = PBXBuildFile; fileRef = 106DA32A1F443DB500B93D36 /* ARPlaneManager.m */; };
		10E553291F1391350059B7EC /* Plane.m in Sources */ = {isa = PBXBuildFile; fileRef = 10E553281F1391350059B7EC /* Plane.m */; };
		10ED47A71F38BC01004DF043 /* DeviceMotion.m in Sources */ = {isa = PBXBuildFile; fileRef = 10ED47A61F38BC00004DF043 /* DeviceMotion.m */; };
		B3E7B58A1CC2AC0600A0062D /* RCTARKit.m in Sources */ = {isa = PBXBuildFile; fileRef = B3E7B5891CC2AC0600A0062D /* RCTARKit.m */; };
/* End PBXBuildFile section */

/* Begin PBXCopyFilesBuildPhase section */
		58B511D91A9E6C8500147676 /* CopyFiles */ = {
			isa = PBXCopyFilesBuildPhase;
			buildActionMask = 2147483647;
			dstPath = "include/$(PRODUCT_NAME)";
			dstSubfolderSpec = 16;
			files = (
			);
			runOnlyForDeploymentPostprocessing = 0;
		};
/* End PBXCopyFilesBuildPhase section */

/* Begin PBXFileReference section */
		10062C811F127566009AE974 /* RCTARKitManager.h */ = {isa = PBXFileReference; lastKnownFileType = sourcecode.c.h; path = RCTARKitManager.h; sourceTree = "<group>"; };
		10062C821F127572009AE974 /* RCTARKitManager.m */ = {isa = PBXFileReference; lastKnownFileType = sourcecode.c.objc; path = RCTARKitManager.m; sourceTree = "<group>"; };
		1021FE181F3EDB90000E7339 /* ARModelManager.m */ = {isa = PBXFileReference; lastKnownFileType = sourcecode.c.objc; path = ARModelManager.m; sourceTree = "<group>"; };
		1021FE191F3EDB90000E7339 /* ARTextManager.m */ = {isa = PBXFileReference; lastKnownFileType = sourcecode.c.objc; path = ARTextManager.m; sourceTree = "<group>"; };
		1021FE1A1F3EDB90000E7339 /* ARTextManager.h */ = {isa = PBXFileReference; lastKnownFileType = sourcecode.c.h; path = ARTextManager.h; sourceTree = "<group>"; };
		1021FE1B1F3EDB90000E7339 /* ARModelManager.h */ = {isa = PBXFileReference; lastKnownFileType = sourcecode.c.h; path = ARModelManager.h; sourceTree = "<group>"; };
		106999E31F3EC2FB00032829 /* ARBoxManager.h */ = {isa = PBXFileReference; lastKnownFileType = sourcecode.c.h; path = ARBoxManager.h; sourceTree = "<group>"; };
		106999E41F3EC2FB00032829 /* ARBoxManager.m */ = {isa = PBXFileReference; lastKnownFileType = sourcecode.c.objc; path = ARBoxManager.m; sourceTree = "<group>"; };
		106DA3141F443CF300B93D36 /* ARPyramidManager.h */ = {isa = PBXFileReference; lastKnownFileType = sourcecode.c.h; path = ARPyramidManager.h; sourceTree = "<group>"; };
		106DA3151F443CF300B93D36 /* ARPyramidManager.m */ = {isa = PBXFileReference; lastKnownFileType = sourcecode.c.objc; path = ARPyramidManager.m; sourceTree = "<group>"; };
		106DA3171F443D1D00B93D36 /* ARSphereManager.h */ = {isa = PBXFileReference; lastKnownFileType = sourcecode.c.h; path = ARSphereManager.h; sourceTree = "<group>"; };
		106DA3181F443D1D00B93D36 /* ARSphereManager.m */ = {isa = PBXFileReference; lastKnownFileType = sourcecode.c.objc; path = ARSphereManager.m; sourceTree = "<group>"; };
		106DA31A1F443D2A00B93D36 /* ARCylinderManager.h */ = {isa = PBXFileReference; lastKnownFileType = sourcecode.c.h; path = ARCylinderManager.h; sourceTree = "<group>"; };
		106DA31B1F443D2A00B93D36 /* ARCylinderManager.m */ = {isa = PBXFileReference; lastKnownFileType = sourcecode.c.objc; path = ARCylinderManager.m; sourceTree = "<group>"; };
		106DA31D1F443D3900B93D36 /* ARConeManager.h */ = {isa = PBXFileReference; lastKnownFileType = sourcecode.c.h; path = ARConeManager.h; sourceTree = "<group>"; };
		106DA31E1F443D3900B93D36 /* ARConeManager.m */ = {isa = PBXFileReference; lastKnownFileType = sourcecode.c.objc; path = ARConeManager.m; sourceTree = "<group>"; };
		106DA3201F443D8300B93D36 /* ARTubeManager.h */ = {isa = PBXFileReference; lastKnownFileType = sourcecode.c.h; path = ARTubeManager.h; sourceTree = "<group>"; };
		106DA3211F443D8300B93D36 /* ARTubeManager.m */ = {isa = PBXFileReference; lastKnownFileType = sourcecode.c.objc; path = ARTubeManager.m; sourceTree = "<group>"; };
		106DA3231F443D9000B93D36 /* ARTorusManager.h */ = {isa = PBXFileReference; lastKnownFileType = sourcecode.c.h; path = ARTorusManager.h; sourceTree = "<group>"; };
		106DA3241F443D9000B93D36 /* ARTorusManager.m */ = {isa = PBXFileReference; lastKnownFileType = sourcecode.c.objc; path = ARTorusManager.m; sourceTree = "<group>"; };
		106DA3261F443DA200B93D36 /* ARCapsuleManager.h */ = {isa = PBXFileReference; lastKnownFileType = sourcecode.c.h; path = ARCapsuleManager.h; sourceTree = "<group>"; };
		106DA3271F443DA200B93D36 /* ARCapsuleManager.m */ = {isa = PBXFileReference; lastKnownFileType = sourcecode.c.objc; path = ARCapsuleManager.m; sourceTree = "<group>"; };
		106DA3291F443DB500B93D36 /* ARPlaneManager.h */ = {isa = PBXFileReference; lastKnownFileType = sourcecode.c.h; path = ARPlaneManager.h; sourceTree = "<group>"; };
		106DA32A1F443DB500B93D36 /* ARPlaneManager.m */ = {isa = PBXFileReference; lastKnownFileType = sourcecode.c.objc; path = ARPlaneManager.m; sourceTree = "<group>"; };
		10E553271F1391350059B7EC /* Plane.h */ = {isa = PBXFileReference; lastKnownFileType = sourcecode.c.h; path = Plane.h; sourceTree = "<group>"; };
		10E553281F1391350059B7EC /* Plane.m */ = {isa = PBXFileReference; lastKnownFileType = sourcecode.c.objc; path = Plane.m; sourceTree = "<group>"; };
		10ED47A51F38BC00004DF043 /* DeviceMotion.h */ = {isa = PBXFileReference; lastKnownFileType = sourcecode.c.h; path = DeviceMotion.h; sourceTree = "<group>"; };
		10ED47A61F38BC00004DF043 /* DeviceMotion.m */ = {isa = PBXFileReference; lastKnownFileType = sourcecode.c.objc; path = DeviceMotion.m; sourceTree = "<group>"; };
		134814201AA4EA6300B7C361 /* libRCTARKit.a */ = {isa = PBXFileReference; explicitFileType = archive.ar; includeInIndex = 0; path = libRCTARKit.a; sourceTree = BUILT_PRODUCTS_DIR; };
		B3E7B5881CC2AC0600A0062D /* RCTARKit.h */ = {isa = PBXFileReference; fileEncoding = 4; lastKnownFileType = sourcecode.c.h; path = RCTARKit.h; sourceTree = "<group>"; };
		B3E7B5891CC2AC0600A0062D /* RCTARKit.m */ = {isa = PBXFileReference; fileEncoding = 4; lastKnownFileType = sourcecode.c.objc; path = RCTARKit.m; sourceTree = "<group>"; };
/* End PBXFileReference section */

/* Begin PBXFrameworksBuildPhase section */
		58B511D81A9E6C8500147676 /* Frameworks */ = {
			isa = PBXFrameworksBuildPhase;
			buildActionMask = 2147483647;
			files = (
			);
			runOnlyForDeploymentPostprocessing = 0;
		};
/* End PBXFrameworksBuildPhase section */

/* Begin PBXGroup section */
		106999E21F3EC2FB00032829 /* components */ = {
			isa = PBXGroup;
			children = (
				106999E31F3EC2FB00032829 /* ARBoxManager.h */,
				106999E41F3EC2FB00032829 /* ARBoxManager.m */,
				106DA3171F443D1D00B93D36 /* ARSphereManager.h */,
				106DA3181F443D1D00B93D36 /* ARSphereManager.m */,
				106DA31A1F443D2A00B93D36 /* ARCylinderManager.h */,
				106DA31B1F443D2A00B93D36 /* ARCylinderManager.m */,
				106DA31D1F443D3900B93D36 /* ARConeManager.h */,
				106DA31E1F443D3900B93D36 /* ARConeManager.m */,
				106DA3141F443CF300B93D36 /* ARPyramidManager.h */,
				106DA3151F443CF300B93D36 /* ARPyramidManager.m */,
				106DA3201F443D8300B93D36 /* ARTubeManager.h */,
				106DA3211F443D8300B93D36 /* ARTubeManager.m */,
				106DA3231F443D9000B93D36 /* ARTorusManager.h */,
				106DA3241F443D9000B93D36 /* ARTorusManager.m */,
				106DA3261F443DA200B93D36 /* ARCapsuleManager.h */,
				106DA3271F443DA200B93D36 /* ARCapsuleManager.m */,
				106DA3291F443DB500B93D36 /* ARPlaneManager.h */,
				106DA32A1F443DB500B93D36 /* ARPlaneManager.m */,
				1021FE1A1F3EDB90000E7339 /* ARTextManager.h */,
				1021FE191F3EDB90000E7339 /* ARTextManager.m */,
				1021FE1B1F3EDB90000E7339 /* ARModelManager.h */,
				1021FE181F3EDB90000E7339 /* ARModelManager.m */,
			);
			path = components;
			sourceTree = "<group>";
		};
		134814211AA4EA7D00B7C361 /* Products */ = {
			isa = PBXGroup;
			children = (
				134814201AA4EA6300B7C361 /* libRCTARKit.a */,
			);
			name = Products;
			sourceTree = "<group>";
		};
		58B511D21A9E6C8500147676 = {
			isa = PBXGroup;
			children = (
				106999E21F3EC2FB00032829 /* components */,
				10ED47A51F38BC00004DF043 /* DeviceMotion.h */,
				10ED47A61F38BC00004DF043 /* DeviceMotion.m */,
				10E553271F1391350059B7EC /* Plane.h */,
				10E553281F1391350059B7EC /* Plane.m */,
				B3E7B5881CC2AC0600A0062D /* RCTARKit.h */,
				B3E7B5891CC2AC0600A0062D /* RCTARKit.m */,
				10062C811F127566009AE974 /* RCTARKitManager.h */,
				10062C821F127572009AE974 /* RCTARKitManager.m */,
				134814211AA4EA7D00B7C361 /* Products */,
			);
			sourceTree = "<group>";
		};
/* End PBXGroup section */

/* Begin PBXNativeTarget section */
		58B511DA1A9E6C8500147676 /* RCTARKit */ = {
			isa = PBXNativeTarget;
			buildConfigurationList = 58B511EF1A9E6C8500147676 /* Build configuration list for PBXNativeTarget "RCTARKit" */;
			buildPhases = (
				58B511D71A9E6C8500147676 /* Sources */,
				58B511D81A9E6C8500147676 /* Frameworks */,
				58B511D91A9E6C8500147676 /* CopyFiles */,
			);
			buildRules = (
			);
			dependencies = (
			);
			name = RCTARKit;
			productName = RCTDataManager;
			productReference = 134814201AA4EA6300B7C361 /* libRCTARKit.a */;
			productType = "com.apple.product-type.library.static";
		};
/* End PBXNativeTarget section */

/* Begin PBXProject section */
		58B511D31A9E6C8500147676 /* Project object */ = {
			isa = PBXProject;
			attributes = {
				LastUpgradeCheck = 0610;
				ORGANIZATIONNAME = HippoAR;
				TargetAttributes = {
					58B511DA1A9E6C8500147676 = {
						CreatedOnToolsVersion = 6.1.1;
					};
				};
			};
			buildConfigurationList = 58B511D61A9E6C8500147676 /* Build configuration list for PBXProject "RCTARKit" */;
			compatibilityVersion = "Xcode 3.2";
			developmentRegion = English;
			hasScannedForEncodings = 0;
			knownRegions = (
				en,
			);
			mainGroup = 58B511D21A9E6C8500147676;
			productRefGroup = 58B511D21A9E6C8500147676;
			projectDirPath = "";
			projectRoot = "";
			targets = (
				58B511DA1A9E6C8500147676 /* RCTARKit */,
			);
		};
/* End PBXProject section */

/* Begin PBXSourcesBuildPhase section */
		58B511D71A9E6C8500147676 /* Sources */ = {
			isa = PBXSourcesBuildPhase;
			buildActionMask = 2147483647;
			files = (
				106DA3251F443D9000B93D36 /* ARTorusManager.m in Sources */,
				106DA32B1F443DB500B93D36 /* ARPlaneManager.m in Sources */,
				106DA3161F443CF300B93D36 /* ARPyramidManager.m in Sources */,
				106DA3191F443D1D00B93D36 /* ARSphereManager.m in Sources */,
				106999E51F3EC30100032829 /* ARBoxManager.m in Sources */,
				106DA3281F443DA200B93D36 /* ARCapsuleManager.m in Sources */,
				10E553291F1391350059B7EC /* Plane.m in Sources */,
				106DA31F1F443D3900B93D36 /* ARConeManager.m in Sources */,
				1021FE1C1F3EDB98000E7339 /* ARModelManager.m in Sources */,
				1021FE1D1F3EDB9B000E7339 /* ARTextManager.m in Sources */,
				106DA31C1F443D2A00B93D36 /* ARCylinderManager.m in Sources */,
				106DA3221F443D8300B93D36 /* ARTubeManager.m in Sources */,
				B3E7B58A1CC2AC0600A0062D /* RCTARKit.m in Sources */,
				10062C831F127572009AE974 /* RCTARKitManager.m in Sources */,
				10ED47A71F38BC01004DF043 /* DeviceMotion.m in Sources */,
			);
			runOnlyForDeploymentPostprocessing = 0;
		};
/* End PBXSourcesBuildPhase section */

/* Begin XCBuildConfiguration section */
		58B511ED1A9E6C8500147676 /* Debug */ = {
			isa = XCBuildConfiguration;
			buildSettings = {
				ALWAYS_SEARCH_USER_PATHS = NO;
				CLANG_CXX_LANGUAGE_STANDARD = "gnu++0x";
				CLANG_CXX_LIBRARY = "libc++";
				CLANG_ENABLE_MODULES = YES;
				CLANG_ENABLE_OBJC_ARC = YES;
				CLANG_WARN_BOOL_CONVERSION = YES;
				CLANG_WARN_CONSTANT_CONVERSION = YES;
				CLANG_WARN_DIRECT_OBJC_ISA_USAGE = YES_ERROR;
				CLANG_WARN_EMPTY_BODY = YES;
				CLANG_WARN_ENUM_CONVERSION = YES;
				CLANG_WARN_INT_CONVERSION = YES;
				CLANG_WARN_OBJC_ROOT_CLASS = YES_ERROR;
				CLANG_WARN_UNREACHABLE_CODE = YES;
				CLANG_WARN__DUPLICATE_METHOD_MATCH = YES;
				COPY_PHASE_STRIP = NO;
				ENABLE_STRICT_OBJC_MSGSEND = YES;
				GCC_C_LANGUAGE_STANDARD = gnu99;
				GCC_DYNAMIC_NO_PIC = NO;
				GCC_OPTIMIZATION_LEVEL = 0;
				GCC_PREPROCESSOR_DEFINITIONS = (
					"DEBUG=1",
					"$(inherited)",
				);
				GCC_SYMBOLS_PRIVATE_EXTERN = NO;
				GCC_WARN_64_TO_32_BIT_CONVERSION = YES;
				GCC_WARN_ABOUT_RETURN_TYPE = YES_ERROR;
				GCC_WARN_UNDECLARED_SELECTOR = YES;
				GCC_WARN_UNINITIALIZED_AUTOS = YES_AGGRESSIVE;
				GCC_WARN_UNUSED_FUNCTION = YES;
				GCC_WARN_UNUSED_VARIABLE = YES;
				IPHONEOS_DEPLOYMENT_TARGET = 7.0;
				MTL_ENABLE_DEBUG_INFO = YES;
				ONLY_ACTIVE_ARCH = YES;
				SDKROOT = iphoneos;
			};
			name = Debug;
		};
		58B511EE1A9E6C8500147676 /* Release */ = {
			isa = XCBuildConfiguration;
			buildSettings = {
				ALWAYS_SEARCH_USER_PATHS = NO;
				CLANG_CXX_LANGUAGE_STANDARD = "gnu++0x";
				CLANG_CXX_LIBRARY = "libc++";
				CLANG_ENABLE_MODULES = YES;
				CLANG_ENABLE_OBJC_ARC = YES;
				CLANG_WARN_BOOL_CONVERSION = YES;
				CLANG_WARN_CONSTANT_CONVERSION = YES;
				CLANG_WARN_DIRECT_OBJC_ISA_USAGE = YES_ERROR;
				CLANG_WARN_EMPTY_BODY = YES;
				CLANG_WARN_ENUM_CONVERSION = YES;
				CLANG_WARN_INT_CONVERSION = YES;
				CLANG_WARN_OBJC_ROOT_CLASS = YES_ERROR;
				CLANG_WARN_UNREACHABLE_CODE = YES;
				CLANG_WARN__DUPLICATE_METHOD_MATCH = YES;
				COPY_PHASE_STRIP = YES;
				ENABLE_NS_ASSERTIONS = NO;
				ENABLE_STRICT_OBJC_MSGSEND = YES;
				GCC_C_LANGUAGE_STANDARD = gnu99;
				GCC_WARN_64_TO_32_BIT_CONVERSION = YES;
				GCC_WARN_ABOUT_RETURN_TYPE = YES_ERROR;
				GCC_WARN_UNDECLARED_SELECTOR = YES;
				GCC_WARN_UNINITIALIZED_AUTOS = YES_AGGRESSIVE;
				GCC_WARN_UNUSED_FUNCTION = YES;
				GCC_WARN_UNUSED_VARIABLE = YES;
				IPHONEOS_DEPLOYMENT_TARGET = 7.0;
				MTL_ENABLE_DEBUG_INFO = NO;
				SDKROOT = iphoneos;
				VALIDATE_PRODUCT = YES;
			};
			name = Release;
		};
		58B511F01A9E6C8500147676 /* Debug */ = {
			isa = XCBuildConfiguration;
			buildSettings = {
				FRAMEWORK_SEARCH_PATHS = "";
				HEADER_SEARCH_PATHS = (
					"$(inherited)",
					/Applications/Xcode.app/Contents/Developer/Toolchains/XcodeDefault.xctoolchain/usr/include,
					../../../ios/Pods/Headers/Public/,
					../../../ios/Pods/Headers/Public/React,
				);
				IPHONEOS_DEPLOYMENT_TARGET = 11.0;
				LIBRARY_SEARCH_PATHS = "$(inherited)";
				OTHER_LDFLAGS = "-ObjC";
				PRODUCT_NAME = RCTARKit;
				SKIP_INSTALL = YES;
			};
			name = Debug;
		};
		58B511F11A9E6C8500147676 /* Release */ = {
			isa = XCBuildConfiguration;
			buildSettings = {
				FRAMEWORK_SEARCH_PATHS = "";
				HEADER_SEARCH_PATHS = (
					"$(inherited)",
					/Applications/Xcode.app/Contents/Developer/Toolchains/XcodeDefault.xctoolchain/usr/include,
					../../../ios/Pods/Headers/Public/,
					../../../ios/Pods/Headers/Public/React,
				);
				IPHONEOS_DEPLOYMENT_TARGET = 11.0;
				LIBRARY_SEARCH_PATHS = "$(inherited)";
				OTHER_LDFLAGS = "-ObjC";
				PRODUCT_NAME = RCTARKit;
				SKIP_INSTALL = YES;
			};
			name = Release;
		};
/* End XCBuildConfiguration section */

/* Begin XCConfigurationList section */
		58B511D61A9E6C8500147676 /* Build configuration list for PBXProject "RCTARKit" */ = {
			isa = XCConfigurationList;
			buildConfigurations = (
				58B511ED1A9E6C8500147676 /* Debug */,
				58B511EE1A9E6C8500147676 /* Release */,
			);
			defaultConfigurationIsVisible = 0;
			defaultConfigurationName = Release;
		};
		58B511EF1A9E6C8500147676 /* Build configuration list for PBXNativeTarget "RCTARKit" */ = {
			isa = XCConfigurationList;
			buildConfigurations = (
				58B511F01A9E6C8500147676 /* Debug */,
				58B511F11A9E6C8500147676 /* Release */,
			);
			defaultConfigurationIsVisible = 0;
			defaultConfigurationName = Release;
		};
/* End XCConfigurationList section */
	};
	rootObject = 58B511D31A9E6C8500147676 /* Project object */;
}
